github.com/ajstarks/svgo v0.0.0-20210406150507-75cfd577ce75 h1:tuK1xIp+jrEEF0l3xXab78w89ilYr0Am170KdSml2xc=
github.com/ajstarks/svgo v0.0.0-20210406150507-75cfd577ce75/go.mod h1:K08gAheRH3/J6wwsYMMT4xOr94bZjxIelGM0+d/wbFw=
github.com/barnex/fmath v0.0.0-20150108074215-ec9671f295c2/go.mod h1:G7XW+2O6Hk/x6OP8AuwZjI8ZTyXvKDTTKaRK92gapfk=
github.com/davecgh/go-spew v1.1.1 h1:vj9j/u1bqnvCEfJOwUhtlOARqs3+rkHYY13jYWTU97c=
github.com/davecgh/go-spew v1.1.1/go.mod h1:J7Y8YcW2NihsgmVo/mv3lAwl/skON4iLHjSsI+c5H38=
github.com/devork/geom v0.0.5/go.mod h1:8Wn8UNIJlX3waA51IiE8NHPWm1JFITeKJfxmYcK+hYg=
github.com/flywave/go-geoid v0.0.0-20210705014121-cd8f70cb88bb h1:cfvIpGcu887EYg+ydfMj+hWSHHjxBBu066XK2+rKAQc=
github.com/flywave/go-geoid v0.0.0-20210705014121-cd8f70cb88bb/go.mod h1:ndXH2J5+CsynPtyL7oihZtN8rRxJ8kpqqwy2DOa86OQ=
github.com/flywave/go-geom v0.0.0-20210604134758-e972b6e6956d/go.mod h1:whIEyVfpaBVcYiDCnnc4IJg5CI5KpLC3quy95YJ1W9I=
github.com/flywave/go-geom v0.0.0-20250607125323-f685bf20f12c h1:SxQgZciqp+IBGFyKhgk3XwFVUTc/sFRrSPkzJsKx0P4=
github.com/flywave/go-geom v0.0.0-20250607125323-f685bf20f12c/go.mod h1:8xN6kA4AVXamQagVM3hJ041A2jt93KzQqL5f2aCEKy8=
github.com/flywave/go-geos v0.0.0-20210901070302-5537e39a4985 h1:VGHfOMEFPCAPDcHaBBRGK5do+Pc+gshj+l1HonAjOLg=
github.com/flywave/go-geos v0.0.0-20210901070302-5537e39a4985/go.mod h1:2CKYxCmQE8aQzzVrw23MLuMmC/BA5EvVIdvUaPkeAKI=
github.com/flywave/go3d v0.0.0-20210529142521-14eb5aca1290/go.mod h1:QbQZlarSgCPYFAmoTduiDUd4JCnolimXUswTAnSrFWY=
github.com/flywave/go3d v0.0.0-20250314015505-bf0fda02e242 h1:XU3CfYUCsQoAlTGMmbIWwUc7h4oPP6f7BjzffaObwP8=
github.com/flywave/go3d v0.0.0-20250314015505-bf0fda02e242/go.mod h1:bvblxPT+cF0zgDi71CuusPPWCwqU0SikE9ySl2NzeQw=
github.com/gdey/tbltest v0.0.0-20180914212833-1865222d591f h1:eqGnktl65l0bBrqFWtWVdwrV1B8vRKpucSarJBRWEEs=
github.com/gdey/tbltest v0.0.0-20180914212833-1865222d591f/go.mod h1:O0rUOxGq87ndwSAK+YVv/8g40Wbre/OSPCU8GlgUyPk=
github.com/go-test/deep v1.0.7 h1:/VSMRlnY/JSyqxQUzQLKVMAskpY/NZKFA5j2P+0pP2M=
github.com/go-test/deep v1.0.7/go.mod h1:QV8Hv/iy04NyLBxAdO9njL0iVPN1S4d/A3NVv1V36o8=
github.com/google/uuid v1.0.0/go.mod h1:TIyPZe4MgqvfeYDBFedMoGGpEw/LqOeaOT+nhxU+yHo=
github.com/google/uuid v1.2.0 h1:qJYtXnJRWmpe7m/3XlyhrsLrEURqHRM2kxzoxXqyUDs=
github.com/google/uuid v1.2.0/go.mod h1:TIyPZe4MgqvfeYDBFedMoGGpEw/LqOeaOT+nhxU+yHo=
github.com/pborman/uuid v1.2.1 h1:+ZZIw58t/ozdjRaXh/3awHfmWRbzYxJoAdNJxe/3pvw=
github.com/pborman/uuid v1.2.1/go.mod h1:X/NO0urCmaxf9VXbdlT7C2Yzkj2IKimNn4k+gtPdI/k=
github.com/pmezard/go-difflib v1.0.0 h1:4DBwDE0NGyQoBHbLQYPwSUPoCMWR5BEzIk/f1lZbAQM=
github.com/pmezard/go-difflib v1.0.0/go.mod h1:iKH77koFhYxTK1pcRnkKkqfTogsbg7gZNVY4sRDYZ/4=
github.com/stretchr/testify v1.10.0 h1:Xv5erBjTwe/5IxqUQTdXv5kgmIvbHo3QQyRwhJsOfJA=
github.com/stretchr/testify v1.10.0/go.mod h1:r2ic/lqez/lEtzL7wO/rwa5dbSLXVDPFyf8C91i36aY=
gopkg.in/yaml.v3 v3.0.1 h1:fxVm/GzAzEWqLHuvctI91KS9hhNmmWOoWu0XTYJS7CA=
gopkg.in/yaml.v3 v3.0.1/go.mod h1:K4uyk7z7BCEPqu6E+C64Yfv1cQ7kz7rIZviUmN+EgEM=
